
Microsoft Visual Studio Solution File, Format Version 12.00
# Visual Studio 2013
VisualStudioVersion = 12.0.31101.0
MinimumVisualStudioVersion = 10.0.40219.1
Project("{FAE04EC0-301F-11D3-BF4B-00C04F79EFBC}") = "SPNintexFunctionHelper", "SPNintexFunctionHelper\SPNintexFunctionHelper.csproj", "{1DD7CFDD-CE64-4A0D-8495-FDB640CFA945}"
EndProject
Project("{FAE04EC0-301F-11D3-BF4B-00C04F79EFBC}") = "SPNintexFunctionHelperTests", "SPNintexFunctionHelperTests\SPNintexFunctionHelperTests.csproj", "{57F9BC94-E080-4786-93F2-574604D9581B}"
EndProject
Global
	GlobalSection(SolutionConfigurationPlatforms) = preSolution
		Debug|Any CPU = Debug|Any CPU
		Release|Any CPU = Release|Any CPU
	EndGlobalSection
	GlobalSection(ProjectConfigurationPlatforms) = postSolution
		{1DD7CFDD-CE64-4A0D-8495-FDB640CFA945}.Debug|Any CPU.ActiveCfg = Debug|Any CPU
		{1DD7CFDD-CE64-4A0D-8495-FDB640CFA945}.Debug|Any CPU.Build.0 = Debug|Any CPU
		{1DD7CFDD-CE64-4A0D-8495-FDB640CFA945}.Release|Any CPU.ActiveCfg = Release|Any CPU
		{1DD7CFDD-CE64-4A0D-8495-FDB640CFA945}.Release|Any CPU.Build.0 = Release|Any CPU
		{57F9BC94-E080-4786-93F2-574604D9581B}.Debug|Any CPU.ActiveCfg = Debug|Any CPU
		{57F9BC94-E080-4786-93F2-574604D9581B}.Debug|Any CPU.Build.0 = Debug|Any CPU
		{57F9BC94-E080-4786-93F2-574604D9581B}.Release|Any CPU.ActiveCfg = Release|Any CPU
		{57F9BC94-E080-4786-93F2-574604D9581B}.Release|Any CPU.Build.0 = Release|Any CPU
	EndGlobalSection
	GlobalSection(SolutionProperties) = preSolution
		HideSolutionNode = FALSE
	EndGlobalSection
EndGlobal
